
Microsoft Visual Studio Solution File, Format Version 12.00
# Visual Studio 2013
VisualStudioVersion = 12.0.31101.0
MinimumVisualStudioVersion = 10.0.40219.1
Project("{FAE04EC0-301F-11D3-BF4B-00C04F79EFBC}") = "WordAddIn3", "WordAddIn3\WordAddIn3.csproj", "{AC839032-AE25-4B1D-8B6C-8A6118C1D343}"
EndProject
Global
	GlobalSection(SolutionConfigurationPlatforms) = preSolution
		Debug|Any CPU = Debug|Any CPU
		Release|Any CPU = Release|Any CPU
	EndGlobalSection
	GlobalSection(ProjectConfigurationPlatforms) = postSolution
		{AC839032-AE25-4B1D-8B6C-8A6118C1D343}.Debug|Any CPU.ActiveCfg = Debug|Any CPU
		{AC839032-AE25-4B1D-8B6C-8A6118C1D343}.Debug|Any CPU.Build.0 = Debug|Any CPU
		{AC839032-AE25-4B1D-8B6C-8A6118C1D343}.Release|Any CPU.ActiveCfg = Release|Any CPU
		{AC839032-AE25-4B1D-8B6C-8A6118C1D343}.Release|Any CPU.Build.0 = Release|Any CPU
	EndGlobalSection
	GlobalSection(SolutionProperties) = preSolution
		HideSolutionNode = FALSE
	EndGlobalSection
EndGlobal
